{
  "nodes": {
    "flakeNimbleLib": {
      "inputs": {
        "nixpkgs": [
          "nixpkgs"
        ]
      },
      "locked": {
        "lastModified": 1662018438,
        "narHash": "sha256-QtNtU6+LX3Wokxf0zlFwKTFOcn6TeDjKQZ+DA9OYtvM=",
        "owner": "riinr",
        "repo": "nim-flakes-lib",
        "rev": "b1fe8340736e3a85d25c709ac3dfd82a55c03cbf",
        "type": "github"
      },
      "original": {
        "owner": "riinr",
        "ref": "master",
        "repo": "nim-flakes-lib",
        "type": "github"
      }
    },
    "libclang-master": {
      "inputs": {
        "flakeNimbleLib": [
          "flakeNimbleLib"
        ],
        "nixpkgs": [
          "nixpkgs"
        ],
        "src-libclang-master": "src-libclang-master"
      },
      "locked": {
        "dir": "master",
        "lastModified": 1662254566,
        "narHash": "sha256-11FL6QKG5LX6swXlGZPp9BzrAkmomTifDN1ys1E2YYk=",
        "owner": "nim-nix-pkgs",
        "repo": "libclang",
        "rev": "12d054bceef89bc8dd30f4bc311dde8aaf8ed21e",
        "type": "github"
      },
      "original": {
        "dir": "master",
        "owner": "nim-nix-pkgs",
        "ref": "master",
        "repo": "libclang",
        "type": "github"
      }
    },
    "nixpkgs": {
      "locked": {
        "lastModified": 1667110639,
        "narHash": "sha256-4FbPESZ5LbqQxkJJJBAfk/zKgF9h/4kyUwjjpJwYlbc=",
        "owner": "NixOS",
        "repo": "nixpkgs",
        "rev": "f38a1f04d1bec1feb61fd101a0539ae2002a7087",
        "type": "github"
      },
      "original": {
        "id": "nixpkgs",
        "type": "indirect"
      }
    },
    "root": {
      "inputs": {
        "flakeNimbleLib": "flakeNimbleLib",
        "libclang-master": "libclang-master",
        "nixpkgs": "nixpkgs"
      }
    },
    "src-libclang-master": {
      "flake": false,
      "locked": {
        "lastModified": 1451849198,
        "narHash": "sha256-y9oJUEilltehGJMG6MStFbgs0AS73rtd3RMSu+KY1Hw=",
        "owner": "cowboy-coders",
        "repo": "nim-libclang",
        "rev": "ff854c51551d46ff9c48f3e6d4b6cccb2f4eec10",
        "type": "github"
      },
      "original": {
        "owner": "cowboy-coders",
        "ref": "refs/heads/master",
        "repo": "nim-libclang",
        "type": "github"
      }
    }
  },
  "root": "root",
  "version": 7
}
